
Microsoft Visual Studio Solution File, Format Version 12.00
# Visual Studio Version 17
VisualStudioVersion = 17.0.31903.59
MinimumVisualStudioVersion = 10.0.40219.1
Project("{FAE04EC0-301F-11D3-BF4B-00C04F79EFBC}") = "PromptStudio", "PromptStudio\PromptStudio.csproj", "{4AE42B60-D39D-4F08-B807-FC40E546E9BD}"
EndProject
Project("{FAE04EC0-301F-11D3-BF4B-00C04F79EFBC}") = "PromptStudio.Core", "PromptStudio.Core\PromptStudio.Core.csproj", "{47450E43-6101-4FFD-AFEE-700503C990BA}"
EndProject
Project("{FAE04EC0-301F-11D3-BF4B-00C04F79EFBC}") = "PromptStudio.Data", "PromptStudio.Data\PromptStudio.Data.csproj", "{7055DC6B-39A3-4519-9D79-9818CC9E0D35}"
EndProject
Project("{FAE04EC0-301F-11D3-BF4B-00C04F79EFBC}") = "PromptStudio.Mcp", "PromptStudio.Mcp\PromptStudio.Mcp.csproj", "{61C4BC9E-D9F8-4A84-A549-57ACB8758E0B}"
EndProject
Project("{FAE04EC0-301F-11D3-BF4B-00C04F79EFBC}") = "PromptStudio.Tests", "PromptStudio.Tests\PromptStudio.Tests.csproj", "{5D570419-BE2B-4877-9204-88C56EE4720E}"
EndProject
Global
	GlobalSection(SolutionConfigurationPlatforms) = preSolution
		Debug|Any CPU = Debug|Any CPU
		Release|Any CPU = Release|Any CPU
	EndGlobalSection
	GlobalSection(ProjectConfigurationPlatforms) = postSolution
		{4AE42B60-D39D-4F08-B807-FC40E546E9BD}.Debug|Any CPU.ActiveCfg = Debug|Any CPU
		{4AE42B60-D39D-4F08-B807-FC40E546E9BD}.Debug|Any CPU.Build.0 = Debug|Any CPU
		{4AE42B60-D39D-4F08-B807-FC40E546E9BD}.Release|Any CPU.ActiveCfg = Release|Any CPU
		{4AE42B60-D39D-4F08-B807-FC40E546E9BD}.Release|Any CPU.Build.0 = Release|Any CPU
		{47450E43-6101-4FFD-AFEE-700503C990BA}.Debug|Any CPU.ActiveCfg = Debug|Any CPU
		{47450E43-6101-4FFD-AFEE-700503C990BA}.Debug|Any CPU.Build.0 = Debug|Any CPU
		{47450E43-6101-4FFD-AFEE-700503C990BA}.Release|Any CPU.ActiveCfg = Release|Any CPU
		{47450E43-6101-4FFD-AFEE-700503C990BA}.Release|Any CPU.Build.0 = Release|Any CPU
		{7055DC6B-39A3-4519-9D79-9818CC9E0D35}.Debug|Any CPU.ActiveCfg = Debug|Any CPU
		{7055DC6B-39A3-4519-9D79-9818CC9E0D35}.Debug|Any CPU.Build.0 = Debug|Any CPU
		{7055DC6B-39A3-4519-9D79-9818CC9E0D35}.Release|Any CPU.ActiveCfg = Release|Any CPU
		{7055DC6B-39A3-4519-9D79-9818CC9E0D35}.Release|Any CPU.Build.0 = Release|Any CPU
		{61C4BC9E-D9F8-4A84-A549-57ACB8758E0B}.Debug|Any CPU.ActiveCfg = Debug|Any CPU
		{61C4BC9E-D9F8-4A84-A549-57ACB8758E0B}.Debug|Any CPU.Build.0 = Debug|Any CPU
		{61C4BC9E-D9F8-4A84-A549-57ACB8758E0B}.Release|Any CPU.ActiveCfg = Release|Any CPU
		{61C4BC9E-D9F8-4A84-A549-57ACB8758E0B}.Release|Any CPU.Build.0 = Release|Any CPU
		{5D570419-BE2B-4877-9204-88C56EE4720E}.Debug|Any CPU.ActiveCfg = Debug|Any CPU
		{5D570419-BE2B-4877-9204-88C56EE4720E}.Debug|Any CPU.Build.0 = Debug|Any CPU
		{5D570419-BE2B-4877-9204-88C56EE4720E}.Release|Any CPU.ActiveCfg = Release|Any CPU
		{5D570419-BE2B-4877-9204-88C56EE4720E}.Release|Any CPU.Build.0 = Release|Any CPU
	EndGlobalSection
	GlobalSection(SolutionProperties) = preSolution
		HideSolutionNode = FALSE
	EndGlobalSection
	GlobalSection(ExtensibilityGlobals) = postSolution
		SolutionGuid = {102759D1-D868-411A-952D-3CEC00FC01FB}
	EndGlobalSection
EndGlobal
